
Microsoft Visual Studio Solution File, Format Version 12.00
# Visual Studio Version 17
VisualStudioVersion = 17.10.34928.147
MinimumVisualStudioVersion = 10.0.40219.1
Project("{FAE04EC0-301F-11D3-BF4B-00C04F79EFBC}") = "ntpfinalApp", "ntpfinalApp.csproj", "{EC4BFAA5-C33F-40D9-B0C8-7F499889291F}"
EndProject
Global
	GlobalSection(SolutionConfigurationPlatforms) = preSolution
		Debug|Any CPU = Debug|Any CPU
		Release|Any CPU = Release|Any CPU
	EndGlobalSection
	GlobalSection(ProjectConfigurationPlatforms) = postSolution
		{EC4BFAA5-C33F-40D9-B0C8-7F499889291F}.Debug|Any CPU.ActiveCfg = Debug|Any CPU
		{EC4BFAA5-C33F-40D9-B0C8-7F499889291F}.Debug|Any CPU.Build.0 = Debug|Any CPU
		{EC4BFAA5-C33F-40D9-B0C8-7F499889291F}.Release|Any CPU.ActiveCfg = Release|Any CPU
		{EC4BFAA5-C33F-40D9-B0C8-7F499889291F}.Release|Any CPU.Build.0 = Release|Any CPU
	EndGlobalSection
	GlobalSection(SolutionProperties) = preSolution
		HideSolutionNode = FALSE
	EndGlobalSection
	GlobalSection(ExtensibilityGlobals) = postSolution
		SolutionGuid = {B1C8ABE6-0670-460C-8295-9D67F4C2B2A5}
	EndGlobalSection
EndGlobal
